
Microsoft Visual Studio Solution File, Format Version 12.00
# Visual Studio Version 17
VisualStudioVersion = 17.7.34009.444
MinimumVisualStudioVersion = 10.0.40219.1
Project("{2150E333-8FDC-42A3-9474-1A3956D46DE8}") = "Services", "Services", "{C2D0BD76-CA93-487E-BB1F-9DA606F6516C}"
EndProject
Project("{2150E333-8FDC-42A3-9474-1A3956D46DE8}") = "Catalog", "Catalog", "{0E2B5E47-A321-47AD-8AE8-8CBB379DAE4D}"
EndProject
Project("{9A19103F-16F7-4668-BE54-9A1E7A4F7556}") = "Catalog.API", "Services\Catalog\Catalog.API\Catalog.API.csproj", "{D0C41B98-43AF-4263-B7DD-F87905030B69}"
EndProject
Project("{E53339B2-1760-4266-BCC7-CA923CBCF16C}") = "docker-compose", "docker-compose.dcproj", "{DC49329C-335F-4C5D-BB80-C8C1429ED896}"
EndProject
Project("{2150E333-8FDC-42A3-9474-1A3956D46DE8}") = "Basket", "Basket", "{41EA8D1C-1CEC-43C6-9F30-877FFD91CD27}"
EndProject
Project("{9A19103F-16F7-4668-BE54-9A1E7A4F7556}") = "Basket.Api", "Services\Basket\Basket.Api\Basket.Api.csproj", "{844AFDEB-D42F-4B79-A34F-3A5322A3CC03}"
EndProject
Project("{2150E333-8FDC-42A3-9474-1A3956D46DE8}") = "Discount", "Discount", "{55E92100-CC45-48F2-96F9-B73F52D6A8C9}"
EndProject
Project("{9A19103F-16F7-4668-BE54-9A1E7A4F7556}") = "Discount.API", "Services\Discount\Discount.API\Discount.API.csproj", "{FCD20113-AD21-4755-BE48-07C90AF52D0C}"
EndProject
Project("{FAE04EC0-301F-11D3-BF4B-00C04F79EFBC}") = "Discount.Grpc", "Services\Discount\Discount.Grpc\Discount.Grpc.csproj", "{24E83BC9-7354-4B8F-BC9B-02575762E7EB}"
EndProject
Global
	GlobalSection(SolutionConfigurationPlatforms) = preSolution
		Debug|Any CPU = Debug|Any CPU
		Release|Any CPU = Release|Any CPU
	EndGlobalSection
	GlobalSection(ProjectConfigurationPlatforms) = postSolution
		{D0C41B98-43AF-4263-B7DD-F87905030B69}.Debug|Any CPU.ActiveCfg = Debug|Any CPU
		{D0C41B98-43AF-4263-B7DD-F87905030B69}.Debug|Any CPU.Build.0 = Debug|Any CPU
		{D0C41B98-43AF-4263-B7DD-F87905030B69}.Release|Any CPU.ActiveCfg = Release|Any CPU
		{D0C41B98-43AF-4263-B7DD-F87905030B69}.Release|Any CPU.Build.0 = Release|Any CPU
		{DC49329C-335F-4C5D-BB80-C8C1429ED896}.Debug|Any CPU.ActiveCfg = Debug|Any CPU
		{DC49329C-335F-4C5D-BB80-C8C1429ED896}.Debug|Any CPU.Build.0 = Debug|Any CPU
		{DC49329C-335F-4C5D-BB80-C8C1429ED896}.Release|Any CPU.ActiveCfg = Release|Any CPU
		{DC49329C-335F-4C5D-BB80-C8C1429ED896}.Release|Any CPU.Build.0 = Release|Any CPU
		{844AFDEB-D42F-4B79-A34F-3A5322A3CC03}.Debug|Any CPU.ActiveCfg = Debug|Any CPU
		{844AFDEB-D42F-4B79-A34F-3A5322A3CC03}.Debug|Any CPU.Build.0 = Debug|Any CPU
		{844AFDEB-D42F-4B79-A34F-3A5322A3CC03}.Release|Any CPU.ActiveCfg = Release|Any CPU
		{844AFDEB-D42F-4B79-A34F-3A5322A3CC03}.Release|Any CPU.Build.0 = Release|Any CPU
		{FCD20113-AD21-4755-BE48-07C90AF52D0C}.Debug|Any CPU.ActiveCfg = Debug|Any CPU
		{FCD20113-AD21-4755-BE48-07C90AF52D0C}.Debug|Any CPU.Build.0 = Debug|Any CPU
		{FCD20113-AD21-4755-BE48-07C90AF52D0C}.Release|Any CPU.ActiveCfg = Release|Any CPU
		{FCD20113-AD21-4755-BE48-07C90AF52D0C}.Release|Any CPU.Build.0 = Release|Any CPU
		{24E83BC9-7354-4B8F-BC9B-02575762E7EB}.Debug|Any CPU.ActiveCfg = Debug|Any CPU
		{24E83BC9-7354-4B8F-BC9B-02575762E7EB}.Debug|Any CPU.Build.0 = Debug|Any CPU
		{24E83BC9-7354-4B8F-BC9B-02575762E7EB}.Release|Any CPU.ActiveCfg = Release|Any CPU
		{24E83BC9-7354-4B8F-BC9B-02575762E7EB}.Release|Any CPU.Build.0 = Release|Any CPU
	EndGlobalSection
	GlobalSection(SolutionProperties) = preSolution
		HideSolutionNode = FALSE
	EndGlobalSection
	GlobalSection(NestedProjects) = preSolution
		{0E2B5E47-A321-47AD-8AE8-8CBB379DAE4D} = {C2D0BD76-CA93-487E-BB1F-9DA606F6516C}
		{D0C41B98-43AF-4263-B7DD-F87905030B69} = {0E2B5E47-A321-47AD-8AE8-8CBB379DAE4D}
		{41EA8D1C-1CEC-43C6-9F30-877FFD91CD27} = {C2D0BD76-CA93-487E-BB1F-9DA606F6516C}
		{844AFDEB-D42F-4B79-A34F-3A5322A3CC03} = {41EA8D1C-1CEC-43C6-9F30-877FFD91CD27}
		{55E92100-CC45-48F2-96F9-B73F52D6A8C9} = {C2D0BD76-CA93-487E-BB1F-9DA606F6516C}
		{FCD20113-AD21-4755-BE48-07C90AF52D0C} = {55E92100-CC45-48F2-96F9-B73F52D6A8C9}
		{24E83BC9-7354-4B8F-BC9B-02575762E7EB} = {55E92100-CC45-48F2-96F9-B73F52D6A8C9}
	EndGlobalSection
	GlobalSection(ExtensibilityGlobals) = postSolution
		SolutionGuid = {7B063C08-AAD6-4EF6-BD45-5CB47B925342}
	EndGlobalSection
EndGlobal
