
Microsoft Visual Studio Solution File, Format Version 12.00
# Visual Studio Version 17
VisualStudioVersion = 17.7.34009.444
MinimumVisualStudioVersion = 10.0.40219.1
Project("{2150E333-8FDC-42A3-9474-1A3956D46DE8}") = "Services", "Services", "{C2D0BD76-CA93-487E-BB1F-9DA606F6516C}"
EndProject
Project("{2150E333-8FDC-42A3-9474-1A3956D46DE8}") = "Catalog", "Catalog", "{0E2B5E47-A321-47AD-8AE8-8CBB379DAE4D}"
EndProject
Project("{9A19103F-16F7-4668-BE54-9A1E7A4F7556}") = "Catalog.API", "Services\Catalog\Catalog.API\Catalog.API.csproj", "{D0C41B98-43AF-4263-B7DD-F87905030B69}"
EndProject
Project("{E53339B2-1760-4266-BCC7-CA923CBCF16C}") = "docker-compose", "docker-compose.dcproj", "{DC49329C-335F-4C5D-BB80-C8C1429ED896}"
EndProject
Project("{2150E333-8FDC-42A3-9474-1A3956D46DE8}") = "Basket", "Basket", "{41EA8D1C-1CEC-43C6-9F30-877FFD91CD27}"
EndProject
Project("{9A19103F-16F7-4668-BE54-9A1E7A4F7556}") = "Basket.Api", "Services\Basket\Basket.Api\Basket.Api.csproj", "{844AFDEB-D42F-4B79-A34F-3A5322A3CC03}"
EndProject
Project("{2150E333-8FDC-42A3-9474-1A3956D46DE8}") = "Discount", "Discount", "{55E92100-CC45-48F2-96F9-B73F52D6A8C9}"
EndProject
Project("{9A19103F-16F7-4668-BE54-9A1E7A4F7556}") = "Discount.API", "Services\Discount\Discount.API\Discount.API.csproj", "{FCD20113-AD21-4755-BE48-07C90AF52D0C}"
EndProject
Project("{9A19103F-16F7-4668-BE54-9A1E7A4F7556}") = "Discount.Grpc", "Services\Discount\Discount.Grpc\Discount.Grpc.csproj", "{EFAD0096-A97D-406A-B4C2-44A8CA5F4E0B}"
EndProject
Project("{2150E333-8FDC-42A3-9474-1A3956D46DE8}") = "Order", "Order", "{E5282C1E-BBE4-4A82-B10C-A80F029C369C}"
EndProject
Project("{FAE04EC0-301F-11D3-BF4B-00C04F79EFBC}") = "Ordering.Api", "Services\Order\Ordering.Api\Ordering.Api.csproj", "{BDECB478-1F83-4402-8A5B-A2B0270860B5}"
EndProject
Project("{FAE04EC0-301F-11D3-BF4B-00C04F79EFBC}") = "Ordering.Domain", "Services\Order\Ordering.Domain\Ordering.Domain.csproj", "{DCB2DAA1-0222-4605-B9A9-17B15F004FB7}"
EndProject
Project("{FAE04EC0-301F-11D3-BF4B-00C04F79EFBC}") = "Ordering.Application", "Services\Order\Ordering.Application\Ordering.Application.csproj", "{7F70511E-0ED2-43FC-83C1-E51BEC4ABEBE}"
EndProject
Project("{FAE04EC0-301F-11D3-BF4B-00C04F79EFBC}") = "Ordering.Infrastructure", "Services\Order\Ordering.Infrastructure\Ordering.Infrastructure.csproj", "{2333C1FB-8FAF-41B3-9E38-41590E73E6E0}"
EndProject
Project("{FAE04EC0-301F-11D3-BF4B-00C04F79EFBC}") = "Ordering.Persistence", "Services\Order\Ordering.Persistence\Ordering.Persistence.csproj", "{9DA6E37B-CDC6-43D2-9944-2A6F19EA20EE}"
EndProject
Global
	GlobalSection(SolutionConfigurationPlatforms) = preSolution
		Debug|Any CPU = Debug|Any CPU
		Release|Any CPU = Release|Any CPU
	EndGlobalSection
	GlobalSection(ProjectConfigurationPlatforms) = postSolution
		{D0C41B98-43AF-4263-B7DD-F87905030B69}.Debug|Any CPU.ActiveCfg = Debug|Any CPU
		{D0C41B98-43AF-4263-B7DD-F87905030B69}.Debug|Any CPU.Build.0 = Debug|Any CPU
		{D0C41B98-43AF-4263-B7DD-F87905030B69}.Release|Any CPU.ActiveCfg = Release|Any CPU
		{D0C41B98-43AF-4263-B7DD-F87905030B69}.Release|Any CPU.Build.0 = Release|Any CPU
		{DC49329C-335F-4C5D-BB80-C8C1429ED896}.Debug|Any CPU.ActiveCfg = Debug|Any CPU
		{DC49329C-335F-4C5D-BB80-C8C1429ED896}.Debug|Any CPU.Build.0 = Debug|Any CPU
		{DC49329C-335F-4C5D-BB80-C8C1429ED896}.Release|Any CPU.ActiveCfg = Release|Any CPU
		{DC49329C-335F-4C5D-BB80-C8C1429ED896}.Release|Any CPU.Build.0 = Release|Any CPU
		{844AFDEB-D42F-4B79-A34F-3A5322A3CC03}.Debug|Any CPU.ActiveCfg = Debug|Any CPU
		{844AFDEB-D42F-4B79-A34F-3A5322A3CC03}.Debug|Any CPU.Build.0 = Debug|Any CPU
		{844AFDEB-D42F-4B79-A34F-3A5322A3CC03}.Release|Any CPU.ActiveCfg = Release|Any CPU
		{844AFDEB-D42F-4B79-A34F-3A5322A3CC03}.Release|Any CPU.Build.0 = Release|Any CPU
		{FCD20113-AD21-4755-BE48-07C90AF52D0C}.Debug|Any CPU.ActiveCfg = Debug|Any CPU
		{FCD20113-AD21-4755-BE48-07C90AF52D0C}.Debug|Any CPU.Build.0 = Debug|Any CPU
		{FCD20113-AD21-4755-BE48-07C90AF52D0C}.Release|Any CPU.ActiveCfg = Release|Any CPU
		{FCD20113-AD21-4755-BE48-07C90AF52D0C}.Release|Any CPU.Build.0 = Release|Any CPU
		{EFAD0096-A97D-406A-B4C2-44A8CA5F4E0B}.Debug|Any CPU.ActiveCfg = Debug|Any CPU
		{EFAD0096-A97D-406A-B4C2-44A8CA5F4E0B}.Debug|Any CPU.Build.0 = Debug|Any CPU
		{EFAD0096-A97D-406A-B4C2-44A8CA5F4E0B}.Release|Any CPU.ActiveCfg = Release|Any CPU
		{EFAD0096-A97D-406A-B4C2-44A8CA5F4E0B}.Release|Any CPU.Build.0 = Release|Any CPU
		{BDECB478-1F83-4402-8A5B-A2B0270860B5}.Debug|Any CPU.ActiveCfg = Debug|Any CPU
		{BDECB478-1F83-4402-8A5B-A2B0270860B5}.Debug|Any CPU.Build.0 = Debug|Any CPU
		{BDECB478-1F83-4402-8A5B-A2B0270860B5}.Release|Any CPU.ActiveCfg = Release|Any CPU
		{BDECB478-1F83-4402-8A5B-A2B0270860B5}.Release|Any CPU.Build.0 = Release|Any CPU
		{DCB2DAA1-0222-4605-B9A9-17B15F004FB7}.Debug|Any CPU.ActiveCfg = Debug|Any CPU
		{DCB2DAA1-0222-4605-B9A9-17B15F004FB7}.Debug|Any CPU.Build.0 = Debug|Any CPU
		{DCB2DAA1-0222-4605-B9A9-17B15F004FB7}.Release|Any CPU.ActiveCfg = Release|Any CPU
		{DCB2DAA1-0222-4605-B9A9-17B15F004FB7}.Release|Any CPU.Build.0 = Release|Any CPU
		{7F70511E-0ED2-43FC-83C1-E51BEC4ABEBE}.Debug|Any CPU.ActiveCfg = Debug|Any CPU
		{7F70511E-0ED2-43FC-83C1-E51BEC4ABEBE}.Debug|Any CPU.Build.0 = Debug|Any CPU
		{7F70511E-0ED2-43FC-83C1-E51BEC4ABEBE}.Release|Any CPU.ActiveCfg = Release|Any CPU
		{7F70511E-0ED2-43FC-83C1-E51BEC4ABEBE}.Release|Any CPU.Build.0 = Release|Any CPU
		{2333C1FB-8FAF-41B3-9E38-41590E73E6E0}.Debug|Any CPU.ActiveCfg = Debug|Any CPU
		{2333C1FB-8FAF-41B3-9E38-41590E73E6E0}.Debug|Any CPU.Build.0 = Debug|Any CPU
		{2333C1FB-8FAF-41B3-9E38-41590E73E6E0}.Release|Any CPU.ActiveCfg = Release|Any CPU
		{2333C1FB-8FAF-41B3-9E38-41590E73E6E0}.Release|Any CPU.Build.0 = Release|Any CPU
		{9DA6E37B-CDC6-43D2-9944-2A6F19EA20EE}.Debug|Any CPU.ActiveCfg = Debug|Any CPU
		{9DA6E37B-CDC6-43D2-9944-2A6F19EA20EE}.Debug|Any CPU.Build.0 = Debug|Any CPU
		{9DA6E37B-CDC6-43D2-9944-2A6F19EA20EE}.Release|Any CPU.ActiveCfg = Release|Any CPU
		{9DA6E37B-CDC6-43D2-9944-2A6F19EA20EE}.Release|Any CPU.Build.0 = Release|Any CPU
	EndGlobalSection
	GlobalSection(SolutionProperties) = preSolution
		HideSolutionNode = FALSE
	EndGlobalSection
	GlobalSection(NestedProjects) = preSolution
		{0E2B5E47-A321-47AD-8AE8-8CBB379DAE4D} = {C2D0BD76-CA93-487E-BB1F-9DA606F6516C}
		{D0C41B98-43AF-4263-B7DD-F87905030B69} = {0E2B5E47-A321-47AD-8AE8-8CBB379DAE4D}
		{41EA8D1C-1CEC-43C6-9F30-877FFD91CD27} = {C2D0BD76-CA93-487E-BB1F-9DA606F6516C}
		{844AFDEB-D42F-4B79-A34F-3A5322A3CC03} = {41EA8D1C-1CEC-43C6-9F30-877FFD91CD27}
		{55E92100-CC45-48F2-96F9-B73F52D6A8C9} = {C2D0BD76-CA93-487E-BB1F-9DA606F6516C}
		{FCD20113-AD21-4755-BE48-07C90AF52D0C} = {55E92100-CC45-48F2-96F9-B73F52D6A8C9}
		{EFAD0096-A97D-406A-B4C2-44A8CA5F4E0B} = {55E92100-CC45-48F2-96F9-B73F52D6A8C9}
		{E5282C1E-BBE4-4A82-B10C-A80F029C369C} = {C2D0BD76-CA93-487E-BB1F-9DA606F6516C}
		{BDECB478-1F83-4402-8A5B-A2B0270860B5} = {E5282C1E-BBE4-4A82-B10C-A80F029C369C}
		{DCB2DAA1-0222-4605-B9A9-17B15F004FB7} = {E5282C1E-BBE4-4A82-B10C-A80F029C369C}
		{7F70511E-0ED2-43FC-83C1-E51BEC4ABEBE} = {E5282C1E-BBE4-4A82-B10C-A80F029C369C}
		{2333C1FB-8FAF-41B3-9E38-41590E73E6E0} = {E5282C1E-BBE4-4A82-B10C-A80F029C369C}
		{9DA6E37B-CDC6-43D2-9944-2A6F19EA20EE} = {E5282C1E-BBE4-4A82-B10C-A80F029C369C}
	EndGlobalSection
	GlobalSection(ExtensibilityGlobals) = postSolution
		SolutionGuid = {7B063C08-AAD6-4EF6-BD45-5CB47B925342}
	EndGlobalSection
EndGlobal
